
Microsoft Visual Studio Solution File, Format Version 12.00
# Visual Studio 14
VisualStudioVersion = 14.0.25420.1
MinimumVisualStudioVersion = 10.0.40219.1
Project("{FAE04EC0-301F-11D3-BF4B-00C04F79EFBC}") = "MVCFundamentals", "MVCFundamentals\MVCFundamentals.csproj", "{772E805A-2CDA-4CEF-9780-72B48E4D25A9}"
EndProject
Project("{2150E333-8FDC-42A3-9474-1A3956D46DE8}") = "01 MVC Giris", "01 MVC Giris", "{14364CB8-A7B2-41F0-9821-1AE2D87EB491}"
EndProject
Project("{FAE04EC0-301F-11D3-BF4B-00C04F79EFBC}") = "LayoutKullanimi", "LayoutKullanimi\LayoutKullanimi.csproj", "{93D36F83-A3CB-4597-AB72-01D34961D468}"
EndProject
Project("{2150E333-8FDC-42A3-9474-1A3956D46DE8}") = "02 Tema Giydirme", "02 Tema Giydirme", "{C00E1B9F-D9A8-4747-9A24-A4877CC52CE8}"
EndProject
Project("{FAE04EC0-301F-11D3-BF4B-00C04F79EFBC}") = "AdminTheme", "AdminTheme\AdminTheme.csproj", "{8D5122CB-EECE-485D-BB3E-9495254FB05E}"
EndProject
Project("{FAE04EC0-301F-11D3-BF4B-00C04F79EFBC}") = "NorthAdmin", "NorthAdmin\NorthAdmin.csproj", "{9297CFF0-90CD-49C3-9C41-48597F1AF9DB}"
EndProject
Project("{2150E333-8FDC-42A3-9474-1A3956D46DE8}") = "03 AngularJS", "03 AngularJS", "{FE7C6658-9678-4559-9193-EF6D48DC215D}"
EndProject
Project("{FAE04EC0-301F-11D3-BF4B-00C04F79EFBC}") = "SepetUygulamasi", "SepetUygulamasi\SepetUygulamasi.csproj", "{B7FE604B-E66E-45D9-B061-C67726DA8C20}"
EndProject
Project("{2150E333-8FDC-42A3-9474-1A3956D46DE8}") = "04 CF Reverse Engineering", "04 CF Reverse Engineering", "{AC808841-FACD-4FEB-9C19-0063F6B3AFBB}"
EndProject
Project("{FAE04EC0-301F-11D3-BF4B-00C04F79EFBC}") = "RE.Models", "RE.Models\RE.Models.csproj", "{6427C88B-6806-4B92-871B-EC8380665860}"
EndProject
Project("{FAE04EC0-301F-11D3-BF4B-00C04F79EFBC}") = "RE.DAL", "RE.DAL\RE.DAL.csproj", "{57C80954-1D2E-428B-8360-535E260DB6DE}"
EndProject
Project("{FAE04EC0-301F-11D3-BF4B-00C04F79EFBC}") = "RE.BLL", "RE.BLL\RE.BLL.csproj", "{9A3FFC35-68AE-4E50-B09E-D9B59544F737}"
EndProject
Project("{FAE04EC0-301F-11D3-BF4B-00C04F79EFBC}") = "RE.Web.MVC", "RE.Web.MVC\RE.Web.MVC.csproj", "{5739827E-F3B4-4CA7-8755-3668ABBF0468}"
EndProject
Project("{2150E333-8FDC-42A3-9474-1A3956D46DE8}") = "05 ASPNET Identity", "05 ASPNET Identity", "{A2445FFF-17C6-4A9B-8946-AFC906CAB8C9}"
EndProject
Project("{FAE04EC0-301F-11D3-BF4B-00C04F79EFBC}") = "Kimlik.Web.MVC", "Kimlik.Web.MVC\Kimlik.Web.MVC.csproj", "{54AA6281-4CB6-48AC-8EA8-CAB5A017B8B9}"
EndProject
Project("{FAE04EC0-301F-11D3-BF4B-00C04F79EFBC}") = "Kimlik.Models", "Kimlik.Models\Kimlik.Models.csproj", "{EE3152B2-05CA-4E82-9127-83BEF6524EFF}"
EndProject
Project("{FAE04EC0-301F-11D3-BF4B-00C04F79EFBC}") = "Kimlik.DAL", "Kimlik.DAL\Kimlik.DAL.csproj", "{98F7D789-C038-4805-AD2A-A63BBCA1EF84}"
EndProject
Project("{FAE04EC0-301F-11D3-BF4B-00C04F79EFBC}") = "Kimlik.BLL", "Kimlik.BLL\Kimlik.BLL.csproj", "{E6068930-6266-4DBE-8821-CB9F0A0E4CFD}"
EndProject
Project("{2150E333-8FDC-42A3-9474-1A3956D46DE8}") = "06 Bundle and Filter Config", "06 Bundle and Filter Config", "{9015531A-E8F0-4C25-97C3-3CF2AD6CD585}"
EndProject
Project("{FAE04EC0-301F-11D3-BF4B-00C04F79EFBC}") = "BundleFilterConfig", "BundleFilterConfig\BundleFilterConfig.csproj", "{BAE5311F-DB43-4E14-B2F7-1B7C4D9DAF21}"
EndProject
Global
	GlobalSection(SolutionConfigurationPlatforms) = preSolution
		Debug|Any CPU = Debug|Any CPU
		Release|Any CPU = Release|Any CPU
	EndGlobalSection
	GlobalSection(ProjectConfigurationPlatforms) = postSolution
		{772E805A-2CDA-4CEF-9780-72B48E4D25A9}.Debug|Any CPU.ActiveCfg = Debug|Any CPU
		{772E805A-2CDA-4CEF-9780-72B48E4D25A9}.Debug|Any CPU.Build.0 = Debug|Any CPU
		{772E805A-2CDA-4CEF-9780-72B48E4D25A9}.Release|Any CPU.ActiveCfg = Release|Any CPU
		{772E805A-2CDA-4CEF-9780-72B48E4D25A9}.Release|Any CPU.Build.0 = Release|Any CPU
		{93D36F83-A3CB-4597-AB72-01D34961D468}.Debug|Any CPU.ActiveCfg = Debug|Any CPU
		{93D36F83-A3CB-4597-AB72-01D34961D468}.Debug|Any CPU.Build.0 = Debug|Any CPU
		{93D36F83-A3CB-4597-AB72-01D34961D468}.Release|Any CPU.ActiveCfg = Release|Any CPU
		{93D36F83-A3CB-4597-AB72-01D34961D468}.Release|Any CPU.Build.0 = Release|Any CPU
		{8D5122CB-EECE-485D-BB3E-9495254FB05E}.Debug|Any CPU.ActiveCfg = Debug|Any CPU
		{8D5122CB-EECE-485D-BB3E-9495254FB05E}.Debug|Any CPU.Build.0 = Debug|Any CPU
		{8D5122CB-EECE-485D-BB3E-9495254FB05E}.Release|Any CPU.ActiveCfg = Release|Any CPU
		{8D5122CB-EECE-485D-BB3E-9495254FB05E}.Release|Any CPU.Build.0 = Release|Any CPU
		{9297CFF0-90CD-49C3-9C41-48597F1AF9DB}.Debug|Any CPU.ActiveCfg = Debug|Any CPU
		{9297CFF0-90CD-49C3-9C41-48597F1AF9DB}.Debug|Any CPU.Build.0 = Debug|Any CPU
		{9297CFF0-90CD-49C3-9C41-48597F1AF9DB}.Release|Any CPU.ActiveCfg = Release|Any CPU
		{9297CFF0-90CD-49C3-9C41-48597F1AF9DB}.Release|Any CPU.Build.0 = Release|Any CPU
		{B7FE604B-E66E-45D9-B061-C67726DA8C20}.Debug|Any CPU.ActiveCfg = Debug|Any CPU
		{B7FE604B-E66E-45D9-B061-C67726DA8C20}.Debug|Any CPU.Build.0 = Debug|Any CPU
		{B7FE604B-E66E-45D9-B061-C67726DA8C20}.Release|Any CPU.ActiveCfg = Release|Any CPU
		{B7FE604B-E66E-45D9-B061-C67726DA8C20}.Release|Any CPU.Build.0 = Release|Any CPU
		{6427C88B-6806-4B92-871B-EC8380665860}.Debug|Any CPU.ActiveCfg = Debug|Any CPU
		{6427C88B-6806-4B92-871B-EC8380665860}.Debug|Any CPU.Build.0 = Debug|Any CPU
		{6427C88B-6806-4B92-871B-EC8380665860}.Release|Any CPU.ActiveCfg = Release|Any CPU
		{6427C88B-6806-4B92-871B-EC8380665860}.Release|Any CPU.Build.0 = Release|Any CPU
		{57C80954-1D2E-428B-8360-535E260DB6DE}.Debug|Any CPU.ActiveCfg = Debug|Any CPU
		{57C80954-1D2E-428B-8360-535E260DB6DE}.Debug|Any CPU.Build.0 = Debug|Any CPU
		{57C80954-1D2E-428B-8360-535E260DB6DE}.Release|Any CPU.ActiveCfg = Release|Any CPU
		{57C80954-1D2E-428B-8360-535E260DB6DE}.Release|Any CPU.Build.0 = Release|Any CPU
		{9A3FFC35-68AE-4E50-B09E-D9B59544F737}.Debug|Any CPU.ActiveCfg = Debug|Any CPU
		{9A3FFC35-68AE-4E50-B09E-D9B59544F737}.Debug|Any CPU.Build.0 = Debug|Any CPU
		{9A3FFC35-68AE-4E50-B09E-D9B59544F737}.Release|Any CPU.ActiveCfg = Release|Any CPU
		{9A3FFC35-68AE-4E50-B09E-D9B59544F737}.Release|Any CPU.Build.0 = Release|Any CPU
		{5739827E-F3B4-4CA7-8755-3668ABBF0468}.Debug|Any CPU.ActiveCfg = Debug|Any CPU
		{5739827E-F3B4-4CA7-8755-3668ABBF0468}.Debug|Any CPU.Build.0 = Debug|Any CPU
		{5739827E-F3B4-4CA7-8755-3668ABBF0468}.Release|Any CPU.ActiveCfg = Release|Any CPU
		{5739827E-F3B4-4CA7-8755-3668ABBF0468}.Release|Any CPU.Build.0 = Release|Any CPU
		{54AA6281-4CB6-48AC-8EA8-CAB5A017B8B9}.Debug|Any CPU.ActiveCfg = Debug|Any CPU
		{54AA6281-4CB6-48AC-8EA8-CAB5A017B8B9}.Debug|Any CPU.Build.0 = Debug|Any CPU
		{54AA6281-4CB6-48AC-8EA8-CAB5A017B8B9}.Release|Any CPU.ActiveCfg = Release|Any CPU
		{54AA6281-4CB6-48AC-8EA8-CAB5A017B8B9}.Release|Any CPU.Build.0 = Release|Any CPU
		{EE3152B2-05CA-4E82-9127-83BEF6524EFF}.Debug|Any CPU.ActiveCfg = Debug|Any CPU
		{EE3152B2-05CA-4E82-9127-83BEF6524EFF}.Debug|Any CPU.Build.0 = Debug|Any CPU
		{EE3152B2-05CA-4E82-9127-83BEF6524EFF}.Release|Any CPU.ActiveCfg = Release|Any CPU
		{EE3152B2-05CA-4E82-9127-83BEF6524EFF}.Release|Any CPU.Build.0 = Release|Any CPU
		{98F7D789-C038-4805-AD2A-A63BBCA1EF84}.Debug|Any CPU.ActiveCfg = Debug|Any CPU
		{98F7D789-C038-4805-AD2A-A63BBCA1EF84}.Debug|Any CPU.Build.0 = Debug|Any CPU
		{98F7D789-C038-4805-AD2A-A63BBCA1EF84}.Release|Any CPU.ActiveCfg = Release|Any CPU
		{98F7D789-C038-4805-AD2A-A63BBCA1EF84}.Release|Any CPU.Build.0 = Release|Any CPU
		{E6068930-6266-4DBE-8821-CB9F0A0E4CFD}.Debug|Any CPU.ActiveCfg = Debug|Any CPU
		{E6068930-6266-4DBE-8821-CB9F0A0E4CFD}.Debug|Any CPU.Build.0 = Debug|Any CPU
		{E6068930-6266-4DBE-8821-CB9F0A0E4CFD}.Release|Any CPU.ActiveCfg = Release|Any CPU
		{E6068930-6266-4DBE-8821-CB9F0A0E4CFD}.Release|Any CPU.Build.0 = Release|Any CPU
		{BAE5311F-DB43-4E14-B2F7-1B7C4D9DAF21}.Debug|Any CPU.ActiveCfg = Debug|Any CPU
		{BAE5311F-DB43-4E14-B2F7-1B7C4D9DAF21}.Debug|Any CPU.Build.0 = Debug|Any CPU
		{BAE5311F-DB43-4E14-B2F7-1B7C4D9DAF21}.Release|Any CPU.ActiveCfg = Release|Any CPU
		{BAE5311F-DB43-4E14-B2F7-1B7C4D9DAF21}.Release|Any CPU.Build.0 = Release|Any CPU
	EndGlobalSection
	GlobalSection(SolutionProperties) = preSolution
		HideSolutionNode = FALSE
	EndGlobalSection
	GlobalSection(NestedProjects) = preSolution
		{772E805A-2CDA-4CEF-9780-72B48E4D25A9} = {14364CB8-A7B2-41F0-9821-1AE2D87EB491}
		{93D36F83-A3CB-4597-AB72-01D34961D468} = {14364CB8-A7B2-41F0-9821-1AE2D87EB491}
		{8D5122CB-EECE-485D-BB3E-9495254FB05E} = {C00E1B9F-D9A8-4747-9A24-A4877CC52CE8}
		{9297CFF0-90CD-49C3-9C41-48597F1AF9DB} = {C00E1B9F-D9A8-4747-9A24-A4877CC52CE8}
		{B7FE604B-E66E-45D9-B061-C67726DA8C20} = {FE7C6658-9678-4559-9193-EF6D48DC215D}
		{6427C88B-6806-4B92-871B-EC8380665860} = {AC808841-FACD-4FEB-9C19-0063F6B3AFBB}
		{57C80954-1D2E-428B-8360-535E260DB6DE} = {AC808841-FACD-4FEB-9C19-0063F6B3AFBB}
		{9A3FFC35-68AE-4E50-B09E-D9B59544F737} = {AC808841-FACD-4FEB-9C19-0063F6B3AFBB}
		{5739827E-F3B4-4CA7-8755-3668ABBF0468} = {AC808841-FACD-4FEB-9C19-0063F6B3AFBB}
		{54AA6281-4CB6-48AC-8EA8-CAB5A017B8B9} = {A2445FFF-17C6-4A9B-8946-AFC906CAB8C9}
		{EE3152B2-05CA-4E82-9127-83BEF6524EFF} = {A2445FFF-17C6-4A9B-8946-AFC906CAB8C9}
		{98F7D789-C038-4805-AD2A-A63BBCA1EF84} = {A2445FFF-17C6-4A9B-8946-AFC906CAB8C9}
		{E6068930-6266-4DBE-8821-CB9F0A0E4CFD} = {A2445FFF-17C6-4A9B-8946-AFC906CAB8C9}
		{BAE5311F-DB43-4E14-B2F7-1B7C4D9DAF21} = {9015531A-E8F0-4C25-97C3-3CF2AD6CD585}
	EndGlobalSection
EndGlobal
